
Microsoft Visual Studio Solution File, Format Version 12.00
# Visual Studio Version 16
VisualStudioVersion = 16.0.31313.79
MinimumVisualStudioVersion = 10.0.40219.1
Project("{8BC9CEB8-8B4A-11D0-8D11-00A0C91BC942}") = "loginForm", "loginForm\loginForm.vcxproj", "{AAAC22F5-CE00-45C4-9ABD-2EEF1483490E}"
EndProject
Global
	GlobalSection(SolutionConfigurationPlatforms) = preSolution
		Debug|x64 = Debug|x64
		Debug|x86 = Debug|x86
		Release|x64 = Release|x64
		Release|x86 = Release|x86
	EndGlobalSection
	GlobalSection(ProjectConfigurationPlatforms) = postSolution
		{AAAC22F5-CE00-45C4-9ABD-2EEF1483490E}.Debug|x64.ActiveCfg = Debug|x64
		{AAAC22F5-CE00-45C4-9ABD-2EEF1483490E}.Debug|x64.Build.0 = Debug|x64
		{AAAC22F5-CE00-45C4-9ABD-2EEF1483490E}.Debug|x86.ActiveCfg = Debug|Win32
		{AAAC22F5-CE00-45C4-9ABD-2EEF1483490E}.Debug|x86.Build.0 = Debug|Win32
		{AAAC22F5-CE00-45C4-9ABD-2EEF1483490E}.Release|x64.ActiveCfg = Release|x64
		{AAAC22F5-CE00-45C4-9ABD-2EEF1483490E}.Release|x64.Build.0 = Release|x64
		{AAAC22F5-CE00-45C4-9ABD-2EEF1483490E}.Release|x86.ActiveCfg = Release|Win32
		{AAAC22F5-CE00-45C4-9ABD-2EEF1483490E}.Release|x86.Build.0 = Release|Win32
	EndGlobalSection
	GlobalSection(SolutionProperties) = preSolution
		HideSolutionNode = FALSE
	EndGlobalSection
	GlobalSection(ExtensibilityGlobals) = postSolution
		SolutionGuid = {1DBA0907-B5DA-4225-A2A9-B617C8797902}
	EndGlobalSection
EndGlobal
